
Microsoft Visual Studio Solution File, Format Version 12.00
# Visual Studio Version 17
VisualStudioVersion = 17.14.36717.8 d17.14
MinimumVisualStudioVersion = 10.0.40219.1
Project("{FAE04EC0-301F-11D3-BF4B-00C04F79EFBC}") = "SmartLogViewer", "SmartLogViewer\SmartLogViewer.csproj", "{ED51D791-C70F-4DCA-B3E9-27BCEE8F5233}"
EndProject
Global
	GlobalSection(SolutionConfigurationPlatforms) = preSolution
		Debug|Any CPU = Debug|Any CPU
		Release|Any CPU = Release|Any CPU
	EndGlobalSection
	GlobalSection(ProjectConfigurationPlatforms) = postSolution
		{ED51D791-C70F-4DCA-B3E9-27BCEE8F5233}.Debug|Any CPU.ActiveCfg = Debug|Any CPU
		{ED51D791-C70F-4DCA-B3E9-27BCEE8F5233}.Debug|Any CPU.Build.0 = Debug|Any CPU
		{ED51D791-C70F-4DCA-B3E9-27BCEE8F5233}.Release|Any CPU.ActiveCfg = Release|Any CPU
		{ED51D791-C70F-4DCA-B3E9-27BCEE8F5233}.Release|Any CPU.Build.0 = Release|Any CPU
	EndGlobalSection
	GlobalSection(SolutionProperties) = preSolution
		HideSolutionNode = FALSE
	EndGlobalSection
	GlobalSection(ExtensibilityGlobals) = postSolution
		SolutionGuid = {E7BD0783-6C77-4D76-B6A7-FE9C3A2FF38E}
	EndGlobalSection
EndGlobal
